{
  "object": {
    "pins": [
      {
        "package": "swift-tree-sitter",
        "repositoryURL": "/Users/qintianhuan/Desktop/Projects/code.Series/code.Graph/swift-tree-sitter",
        "state": {
          "branch": "main",
          "revision": "f480b0fa0f0f6052122e4405af6872f7b8713b56",
          "version": null
        }
      }
    ]
  },
  "version": 1
}
