{
  "object": {
    "pins": [
      {
        "package": "swift-tree-sitter",
        "repositoryURL": "/Users/qintianhuan/Desktop/Projects/code.Series/code.Graph/swift-tree-sitter",
        "state": {
          "branch": "main",
          "revision": "a06fe91f38a0d180cb9d7958f05937746b5118f4",
          "version": null
        }
      }
    ]
  },
  "version": 1
}
