{
  "object": {
    "pins": [
      {
        "package": "swift-tree-sitter",
        "repositoryURL": "/Users/qintianhuan/Desktop/Projects/code.Series/code.Graph/swift-tree-sitter",
        "state": {
          "branch": "main",
          "revision": "4b49e92e5b7eaba225fdbc35c6afca019f0cbdbc",
          "version": null
        }
      }
    ]
  },
  "version": 1
}
